// !$*UTF8*$!
{
	archiveVersion = 1;
	classes = {
	};
	objectVersion = 77;
	objects = {

/* Begin PBXBuildFile section */
		7FF1567404D8A6D0082B7E4 /* ParchleyDomain in Frameworks */ = {isa = PBXBuildFile; productRef = 7FF1567204D8A6D0082B7E4 /* ParchleyDomain */; };
		7FF1567504D8A6D0082B7E4 /* ParchleyEngine in Frameworks */ = {isa = PBXBuildFile; productRef = 7FF1567304D8A6D0082B7E4 /* ParchleyEngine */; };
		7FF1567704D8A6D0082B7E4 /* ParchleyMarkdown in Frameworks */ = {isa = PBXBuildFile; productRef = 7FF1567804D8A6D0082B7E4 /* ParchleyMarkdown */; };
/* End PBXBuildFile section */

/* Begin PBXContainerItemProxy section */
		7FF15653304D8A6D0082B7E4 /* PBXContainerItemProxy */ = {
			isa = PBXContainerItemProxy;
			containerPortal = 7FF15638304D8A6C0082B7E4 /* Project object */;
			proxyType = 1;
			remoteGlobalIDString = 7FF1563F304D8A6C0082B7E4;
			remoteInfo = Parchley;
		};
		7FF1565D304D8A6D0082B7E4 /* PBXContainerItemProxy */ = {
			isa = PBXContainerItemProxy;
			containerPortal = 7FF15638304D8A6C0082B7E4 /* Project object */;
			proxyType = 1;
			remoteGlobalIDString = 7FF1563F304D8A6C0082B7E4;
			remoteInfo = Parchley;
		};
/* End PBXContainerItemProxy section */

/* Begin PBXFileReference section */
		7FF15640304D8A6C0082B7E4 /* Parchley.app */ = {isa = PBXFileReference; explicitFileType = wrapper.application; includeInIndex = 0; path = Parchley.app; sourceTree = BUILT_PRODUCTS_DIR; };
		7FF15652304D8A6D0082B7E4 /* ParchleyTests.xctest */ = {isa = PBXFileReference; explicitFileType = wrapper.cfbundle; includeInIndex = 0; path = ParchleyTests.xctest; sourceTree = BUILT_PRODUCTS_DIR; };
		7FF1565C304D8A6D0082B7E4 /* ParchleyUITests.xctest */ = {isa = PBXFileReference; explicitFileType = wrapper.cfbundle; includeInIndex = 0; path = ParchleyUITests.xctest; sourceTree = BUILT_PRODUCTS_DIR; };
/* End PBXFileReference section */

/* Begin PBXFileSystemSynchronizedBuildFileExceptionSet section */
		7FF1567A04D8A6D0082B7E4 /* Exceptions for "Parchley" folder in "Parchley" target */ = {
			isa = PBXFileSystemSynchronizedBuildFileExceptionSet;
			membershipExceptions = (
				Info.plist,
			);
			target = 7FF1563F304D8A6C0082B7E4 /* Parchley */;
		};
/* End PBXFileSystemSynchronizedBuildFileExceptionSet section */

/* Begin PBXFileSystemSynchronizedRootGroup section */
		7FF15642304D8A6C0082B7E4 /* Parchley */ = {
			isa = PBXFileSystemSynchronizedRootGroup;
			exceptions = (
				7FF1567A04D8A6D0082B7E4 /* Exceptions for "Parchley" folder in "Parchley" target */,
			);
			path = Parchley;
			sourceTree = "<group>";
		};
		7FF15655304D8A6D0082B7E4 /* ParchleyTests */ = {
			isa = PBXFileSystemSynchronizedRootGroup;
			path = ParchleyTests;
			sourceTree = "<group>";
		};
		7FF1565F304D8A6D0082B7E4 /* ParchleyUITests */ = {
			isa = PBXFileSystemSynchronizedRootGroup;
			path = ParchleyUITests;
			sourceTree = "<group>";
		};
/* End PBXFileSystemSynchronizedRootGroup section */

/* Begin PBXFrameworksBuildPhase section */
		7FF1563D304D8A6C0082B7E4 /* Frameworks */ = {
			isa = PBXFrameworksBuildPhase;
			buildActionMask = 2147483647;
			files = (
				7FF1567404D8A6D0082B7E4 /* ParchleyDomain in Frameworks */,
				7FF1567504D8A6D0082B7E4 /* ParchleyEngine in Frameworks */,
				7FF1567704D8A6D0082B7E4 /* ParchleyMarkdown in Frameworks */,
			);
			runOnlyForDeploymentPostprocessing = 0;
		};
		7FF1564F304D8A6D0082B7E4 /* Frameworks */ = {
			isa = PBXFrameworksBuildPhase;
			buildActionMask = 2147483647;
			files = (
			);
			runOnlyForDeploymentPostprocessing = 0;
		};
		7FF15659304D8A6D0082B7E4 /* Frameworks */ = {
			isa = PBXFrameworksBuildPhase;
			buildActionMask = 2147483647;
			files = (
			);
			runOnlyForDeploymentPostprocessing = 0;
		};
/* End PBXFrameworksBuildPhase section */

/* Begin PBXGroup section */
		7FF15637304D8A6C0082B7E4 = {
			isa = PBXGroup;
			children = (
				7FF15642304D8A6C0082B7E4 /* Parchley */,
				7FF15655304D8A6D0082B7E4 /* ParchleyTests */,
				7FF1565F304D8A6D0082B7E4 /* ParchleyUITests */,
				7FF15641304D8A6C0082B7E4 /* Products */,
			);
			sourceTree = "<group>";
		};
		7FF15641304D8A6C0082B7E4 /* Products */ = {
			isa = PBXGroup;
			children = (
				7FF15640304D8A6C0082B7E4 /* Parchley.app */,
				7FF15652304D8A6D0082B7E4 /* ParchleyTests.xctest */,
				7FF1565C304D8A6D0082B7E4 /* ParchleyUITests.xctest */,
			);
			name = Products;
			sourceTree = "<group>";
		};
/* End PBXGroup section */

/* Begin PBXNativeTarget section */
		7FF1563F304D8A6C0082B7E4 /* Parchley */ = {
			isa = PBXNativeTarget;
			buildConfigurationList = 7FF15666304D8A6D0082B7E4 /* Build configuration list for PBXNativeTarget "Parchley" */;
			buildPhases = (
				7FF1567604D8A6D0082B7E4 /* Embed Rust engine */,
				7FF1563C304D8A6C0082B7E4 /* Sources */,
				7FF1563D304D8A6C0082B7E4 /* Frameworks */,
				7FF1563E304D8A6C0082B7E4 /* Resources */,
			);
			buildRules = (
			);
			dependencies = (
			);
			fileSystemSynchronizedGroups = (
				7FF15642304D8A6C0082B7E4 /* Parchley */,
			);
			name = Parchley;
			packageProductDependencies = (
				7FF1567204D8A6D0082B7E4 /* ParchleyDomain */,
				7FF1567304D8A6D0082B7E4 /* ParchleyEngine */,
				7FF1567804D8A6D0082B7E4 /* ParchleyMarkdown */,
			);
			productName = Parchley;
			productReference = 7FF15640304D8A6C0082B7E4 /* Parchley.app */;
			productType = "com.apple.product-type.application";
		};
		7FF15651304D8A6D0082B7E4 /* ParchleyTests */ = {
			isa = PBXNativeTarget;
			buildConfigurationList = 7FF15669304D8A6D0082B7E4 /* Build configuration list for PBXNativeTarget "ParchleyTests" */;
			buildPhases = (
				7FF1564E304D8A6D0082B7E4 /* Sources */,
				7FF1564F304D8A6D0082B7E4 /* Frameworks */,
				7FF15650304D8A6D0082B7E4 /* Resources */,
			);
			buildRules = (
			);
			dependencies = (
				7FF15654304D8A6D0082B7E4 /* PBXTargetDependency */,
			);
			fileSystemSynchronizedGroups = (
				7FF15655304D8A6D0082B7E4 /* ParchleyTests */,
			);
			name = ParchleyTests;
			packageProductDependencies = (
			);
			productName = ParchleyTests;
			productReference = 7FF15652304D8A6D0082B7E4 /* ParchleyTests.xctest */;
			productType = "com.apple.product-type.bundle.unit-test";
		};
		7FF1565B304D8A6D0082B7E4 /* ParchleyUITests */ = {
			isa = PBXNativeTarget;
			buildConfigurationList = 7FF1566C304D8A6D0082B7E4 /* Build configuration list for PBXNativeTarget "ParchleyUITests" */;
			buildPhases = (
				7FF15658304D8A6D0082B7E4 /* Sources */,
				7FF15659304D8A6D0082B7E4 /* Frameworks */,
				7FF1565A304D8A6D0082B7E4 /* Resources */,
			);
			buildRules = (
			);
			dependencies = (
				7FF1565E304D8A6D0082B7E4 /* PBXTargetDependency */,
			);
			fileSystemSynchronizedGroups = (
				7FF1565F304D8A6D0082B7E4 /* ParchleyUITests */,
			);
			name = ParchleyUITests;
			packageProductDependencies = (
			);
			productName = ParchleyUITests;
			productReference = 7FF1565C304D8A6D0082B7E4 /* ParchleyUITests.xctest */;
			productType = "com.apple.product-type.bundle.ui-testing";
		};
/* End PBXNativeTarget section */

/* Begin PBXProject section */
		7FF15638304D8A6C0082B7E4 /* Project object */ = {
			isa = PBXProject;
			attributes = {
				BuildIndependentTargetsInParallel = 1;
				LastSwiftUpdateCheck = 2660;
				LastUpgradeCheck = 2660;
				TargetAttributes = {
					7FF1563F304D8A6C0082B7E4 = {
						CreatedOnToolsVersion = 26.6;
					};
					7FF15651304D8A6D0082B7E4 = {
						CreatedOnToolsVersion = 26.6;
						TestTargetID = 7FF1563F304D8A6C0082B7E4;
					};
					7FF1565B304D8A6D0082B7E4 = {
						CreatedOnToolsVersion = 26.6;
						TestTargetID = 7FF1563F304D8A6C0082B7E4;
					};
				};
			};
			buildConfigurationList = 7FF1563B304D8A6C0082B7E4 /* Build configuration list for PBXProject "Parchley" */;
			developmentRegion = en;
			hasScannedForEncodings = 0;
			knownRegions = (
				en,
				Base,
			);
			mainGroup = 7FF15637304D8A6C0082B7E4;
			minimizedProjectReferenceProxies = 1;
			packageReferences = (
				7FF1567004D8A6D0082B7E4 /* XCLocalSwiftPackageReference "Packages/ParchleyDomain" */,
				7FF1567104D8A6D0082B7E4 /* XCLocalSwiftPackageReference "Packages/ParchleyEngine" */,
				7FF1567904D8A6D0082B7E4 /* XCLocalSwiftPackageReference "Packages/ParchleyMarkdown" */,
			);
			preferredProjectObjectVersion = 77;
			productRefGroup = 7FF15641304D8A6C0082B7E4 /* Products */;
			projectDirPath = "";
			projectRoot = "";
			targets = (
				7FF1563F304D8A6C0082B7E4 /* Parchley */,
				7FF15651304D8A6D0082B7E4 /* ParchleyTests */,
				7FF1565B304D8A6D0082B7E4 /* ParchleyUITests */,
			);
		};
/* End PBXProject section */

/* Begin PBXResourcesBuildPhase section */
		7FF1563E304D8A6C0082B7E4 /* Resources */ = {
			isa = PBXResourcesBuildPhase;
			buildActionMask = 2147483647;
			files = (
			);
			runOnlyForDeploymentPostprocessing = 0;
		};
		7FF15650304D8A6D0082B7E4 /* Resources */ = {
			isa = PBXResourcesBuildPhase;
			buildActionMask = 2147483647;
			files = (
			);
			runOnlyForDeploymentPostprocessing = 0;
		};
		7FF1565A304D8A6D0082B7E4 /* Resources */ = {
			isa = PBXResourcesBuildPhase;
			buildActionMask = 2147483647;
			files = (
			);
			runOnlyForDeploymentPostprocessing = 0;
		};
/* End PBXResourcesBuildPhase section */

/* Begin PBXShellScriptBuildPhase section */
		7FF1567604D8A6D0082B7E4 /* Embed Rust engine */ = {
			isa = PBXShellScriptBuildPhase;
			alwaysOutOfDate = 1;
			buildActionMask = 2147483647;
			files = (
			);
			inputPaths = (
				"$(SRCROOT)/Scripts/embed-rust-library.sh",
				"$(SRCROOT)/Rust/Cargo.toml",
				"$(SRCROOT)/Rust/Cargo.lock",
			);
			name = "Embed Rust engine";
			outputPaths = (
				"$(TARGET_BUILD_DIR)/$(FRAMEWORKS_FOLDER_PATH)/libparchley_ffi.dylib",
				"$(TARGET_BUILD_DIR)/$(FRAMEWORKS_FOLDER_PATH)/libpdfium.dylib",
				"$(TARGET_BUILD_DIR)/$(FRAMEWORKS_FOLDER_PATH)/libonnxruntime.dylib",
			);
			runOnlyForDeploymentPostprocessing = 0;
			shellPath = /bin/zsh;
			shellScript = "\"$SRCROOT/Scripts/embed-rust-library.sh\"";
		};
/* End PBXShellScriptBuildPhase section */

/* Begin PBXSourcesBuildPhase section */
		7FF1563C304D8A6C0082B7E4 /* Sources */ = {
			isa = PBXSourcesBuildPhase;
			buildActionMask = 2147483647;
			files = (
			);
			runOnlyForDeploymentPostprocessing = 0;
		};
		7FF1564E304D8A6D0082B7E4 /* Sources */ = {
			isa = PBXSourcesBuildPhase;
			buildActionMask = 2147483647;
			files = (
			);
			runOnlyForDeploymentPostprocessing = 0;
		};
		7FF15658304D8A6D0082B7E4 /* Sources */ = {
			isa = PBXSourcesBuildPhase;
			buildActionMask = 2147483647;
			files = (
			);
			runOnlyForDeploymentPostprocessing = 0;
		};
/* End PBXSourcesBuildPhase section */

/* Begin PBXTargetDependency section */
		7FF15654304D8A6D0082B7E4 /* PBXTargetDependency */ = {
			isa = PBXTargetDependency;
			target = 7FF1563F304D8A6C0082B7E4 /* Parchley */;
			targetProxy = 7FF15653304D8A6D0082B7E4 /* PBXContainerItemProxy */;
		};
		7FF1565E304D8A6D0082B7E4 /* PBXTargetDependency */ = {
			isa = PBXTargetDependency;
			target = 7FF1563F304D8A6C0082B7E4 /* Parchley */;
			targetProxy = 7FF1565D304D8A6D0082B7E4 /* PBXContainerItemProxy */;
		};
/* End PBXTargetDependency section */

/* Begin XCBuildConfiguration section */
		7FF15664304D8A6D0082B7E4 /* Debug */ = {
			isa = XCBuildConfiguration;
			buildSettings = {
				ALWAYS_SEARCH_USER_PATHS = NO;
				ARCHS = arm64;
				ASSETCATALOG_COMPILER_GENERATE_SWIFT_ASSET_SYMBOL_EXTENSIONS = YES;
				CLANG_ANALYZER_NONNULL = YES;
				CLANG_ANALYZER_NUMBER_OBJECT_CONVERSION = YES_AGGRESSIVE;
				CLANG_CXX_LANGUAGE_STANDARD = "gnu++20";
				CLANG_ENABLE_MODULES = YES;
				CLANG_ENABLE_OBJC_ARC = YES;
				CLANG_ENABLE_OBJC_WEAK = YES;
				CLANG_WARN_BLOCK_CAPTURE_AUTORELEASING = YES;
				CLANG_WARN_BOOL_CONVERSION = YES;
				CLANG_WARN_COMMA = YES;
				CLANG_WARN_CONSTANT_CONVERSION = YES;
				CLANG_WARN_DEPRECATED_OBJC_IMPLEMENTATIONS = YES;
				CLANG_WARN_DIRECT_OBJC_ISA_USAGE = YES_ERROR;
				CLANG_WARN_DOCUMENTATION_COMMENTS = YES;
				CLANG_WARN_EMPTY_BODY = YES;
				CLANG_WARN_ENUM_CONVERSION = YES;
				CLANG_WARN_INFINITE_RECURSION = YES;
				CLANG_WARN_INT_CONVERSION = YES;
				CLANG_WARN_NON_LITERAL_NULL_CONVERSION = YES;
				CLANG_WARN_OBJC_IMPLICIT_RETAIN_SELF = YES;
				CLANG_WARN_OBJC_LITERAL_CONVERSION = YES;
				CLANG_WARN_OBJC_ROOT_CLASS = YES_ERROR;
				CLANG_WARN_QUOTED_INCLUDE_IN_FRAMEWORK_HEADER = YES;
				CLANG_WARN_RANGE_LOOP_ANALYSIS = YES;
				CLANG_WARN_STRICT_PROTOTYPES = YES;
				CLANG_WARN_SUSPICIOUS_MOVE = YES;
				CLANG_WARN_UNGUARDED_AVAILABILITY = YES_AGGRESSIVE;
				CLANG_WARN_UNREACHABLE_CODE = YES;
				CLANG_WARN__DUPLICATE_METHOD_MATCH = YES;
				COPY_PHASE_STRIP = NO;
				DEBUG_INFORMATION_FORMAT = dwarf;
				DEVELOPMENT_TEAM = 8S4248F6RV;
				ENABLE_STRICT_OBJC_MSGSEND = YES;
				ENABLE_TESTABILITY = YES;
				ENABLE_USER_SCRIPT_SANDBOXING = YES;
				GCC_C_LANGUAGE_STANDARD = gnu17;
				GCC_DYNAMIC_NO_PIC = NO;
				GCC_NO_COMMON_BLOCKS = YES;
				GCC_OPTIMIZATION_LEVEL = 0;
				GCC_PREPROCESSOR_DEFINITIONS = (
					"DEBUG=1",
					"$(inherited)",
				);
				GCC_WARN_64_TO_32_BIT_CONVERSION = YES;
				GCC_WARN_ABOUT_RETURN_TYPE = YES_ERROR;
				GCC_WARN_UNDECLARED_SELECTOR = YES;
				GCC_WARN_UNINITIALIZED_AUTOS = YES_AGGRESSIVE;
				GCC_WARN_UNUSED_FUNCTION = YES;
				GCC_WARN_UNUSED_VARIABLE = YES;
				LOCALIZATION_PREFERS_STRING_CATALOGS = YES;
				MACOSX_DEPLOYMENT_TARGET = 26.0;
				MTL_ENABLE_DEBUG_INFO = INCLUDE_SOURCE;
				MTL_FAST_MATH = YES;
				ONLY_ACTIVE_ARCH = YES;
				SDKROOT = macosx;
				SWIFT_ACTIVE_COMPILATION_CONDITIONS = "DEBUG $(inherited)";
				SWIFT_OPTIMIZATION_LEVEL = "-Onone";
			};
			name = Debug;
		};
		7FF15665304D8A6D0082B7E4 /* Release */ = {
			isa = XCBuildConfiguration;
			buildSettings = {
				ALWAYS_SEARCH_USER_PATHS = NO;
				ARCHS = arm64;
				ASSETCATALOG_COMPILER_GENERATE_SWIFT_ASSET_SYMBOL_EXTENSIONS = YES;
				CLANG_ANALYZER_NONNULL = YES;
				CLANG_ANALYZER_NUMBER_OBJECT_CONVERSION = YES_AGGRESSIVE;
				CLANG_CXX_LANGUAGE_STANDARD = "gnu++20";
				CLANG_ENABLE_MODULES = YES;
				CLANG_ENABLE_OBJC_ARC = YES;
				CLANG_ENABLE_OBJC_WEAK = YES;
				CLANG_WARN_BLOCK_CAPTURE_AUTORELEASING = YES;
				CLANG_WARN_BOOL_CONVERSION = YES;
				CLANG_WARN_COMMA = YES;
				CLANG_WARN_CONSTANT_CONVERSION = YES;
				CLANG_WARN_DEPRECATED_OBJC_IMPLEMENTATIONS = YES;
				CLANG_WARN_DIRECT_OBJC_ISA_USAGE = YES_ERROR;
				CLANG_WARN_DOCUMENTATION_COMMENTS = YES;
				CLANG_WARN_EMPTY_BODY = YES;
				CLANG_WARN_ENUM_CONVERSION = YES;
				CLANG_WARN_INFINITE_RECURSION = YES;
				CLANG_WARN_INT_CONVERSION = YES;
				CLANG_WARN_NON_LITERAL_NULL_CONVERSION = YES;
				CLANG_WARN_OBJC_IMPLICIT_RETAIN_SELF = YES;
				CLANG_WARN_OBJC_LITERAL_CONVERSION = YES;
				CLANG_WARN_OBJC_ROOT_CLASS = YES_ERROR;
				CLANG_WARN_QUOTED_INCLUDE_IN_FRAMEWORK_HEADER = YES;
				CLANG_WARN_RANGE_LOOP_ANALYSIS = YES;
				CLANG_WARN_STRICT_PROTOTYPES = YES;
				CLANG_WARN_SUSPICIOUS_MOVE = YES;
				CLANG_WARN_UNGUARDED_AVAILABILITY = YES_AGGRESSIVE;
				CLANG_WARN_UNREACHABLE_CODE = YES;
				CLANG_WARN__DUPLICATE_METHOD_MATCH = YES;
				COPY_PHASE_STRIP = NO;
				DEBUG_INFORMATION_FORMAT = "dwarf-with-dsym";
				DEVELOPMENT_TEAM = 8S4248F6RV;
				ENABLE_NS_ASSERTIONS = NO;
				ENABLE_STRICT_OBJC_MSGSEND = YES;
				ENABLE_USER_SCRIPT_SANDBOXING = YES;
				GCC_C_LANGUAGE_STANDARD = gnu17;
				GCC_NO_COMMON_BLOCKS = YES;
				GCC_WARN_64_TO_32_BIT_CONVERSION = YES;
				GCC_WARN_ABOUT_RETURN_TYPE = YES_ERROR;
				GCC_WARN_UNDECLARED_SELECTOR = YES;
				GCC_WARN_UNINITIALIZED_AUTOS = YES_AGGRESSIVE;
				GCC_WARN_UNUSED_FUNCTION = YES;
				GCC_WARN_UNUSED_VARIABLE = YES;
				LOCALIZATION_PREFERS_STRING_CATALOGS = YES;
				MACOSX_DEPLOYMENT_TARGET = 26.0;
				MTL_ENABLE_DEBUG_INFO = NO;
				MTL_FAST_MATH = YES;
				SDKROOT = macosx;
				SWIFT_COMPILATION_MODE = wholemodule;
			};
			name = Release;
		};
		7FF15667304D8A6D0082B7E4 /* Debug */ = {
			isa = XCBuildConfiguration;
			buildSettings = {
				ASSETCATALOG_COMPILER_APPICON_NAME = AppIcon;
				ASSETCATALOG_COMPILER_GLOBAL_ACCENT_COLOR_NAME = AccentColor;
				CODE_SIGN_ENTITLEMENTS = Parchley/Parchley.entitlements;
				CODE_SIGN_STYLE = Automatic;
				COMBINE_HIDPI_IMAGES = YES;
				CURRENT_PROJECT_VERSION = 1;
				DEVELOPMENT_TEAM = 8S4248F6RV;
				ENABLE_APP_SANDBOX = YES;
				ENABLE_HARDENED_RUNTIME = YES;
				ENABLE_PREVIEWS = YES;
				ENABLE_USER_SCRIPT_SANDBOXING = NO;
				ENABLE_USER_SELECTED_FILES = readwrite;
				GENERATE_INFOPLIST_FILE = NO;
				INFOPLIST_FILE = Parchley/Info.plist;
				INFOPLIST_KEY_LSApplicationCategoryType = "public.app-category.utilities";
				INFOPLIST_KEY_NSHumanReadableCopyright = "";
				LD_RUNPATH_SEARCH_PATHS = (
					"$(inherited)",
					"@executable_path/../Frameworks",
				);
				MARKETING_VERSION = 1.0;
				PRODUCT_BUNDLE_IDENTIFIER = com.karatsidhu.Parchley;
				PRODUCT_NAME = "$(TARGET_NAME)";
				REGISTER_APP_GROUPS = YES;
				STRING_CATALOG_GENERATE_SYMBOLS = YES;
				SWIFT_APPROACHABLE_CONCURRENCY = YES;
				SWIFT_DEFAULT_ACTOR_ISOLATION = MainActor;
				SWIFT_EMIT_LOC_STRINGS = YES;
				SWIFT_STRICT_CONCURRENCY = complete;
				SWIFT_UPCOMING_FEATURE_MEMBER_IMPORT_VISIBILITY = YES;
				SWIFT_VERSION = 6.2;
			};
			name = Debug;
		};
		7FF15668304D8A6D0082B7E4 /* Release */ = {
			isa = XCBuildConfiguration;
			buildSettings = {
				ASSETCATALOG_COMPILER_APPICON_NAME = AppIcon;
				ASSETCATALOG_COMPILER_GLOBAL_ACCENT_COLOR_NAME = AccentColor;
				CODE_SIGN_ENTITLEMENTS = Parchley/Parchley.entitlements;
				CODE_SIGN_STYLE = Automatic;
				COMBINE_HIDPI_IMAGES = YES;
				CURRENT_PROJECT_VERSION = 1;
				DEVELOPMENT_TEAM = 8S4248F6RV;
				ENABLE_APP_SANDBOX = YES;
				ENABLE_HARDENED_RUNTIME = YES;
				ENABLE_PREVIEWS = YES;
				ENABLE_USER_SCRIPT_SANDBOXING = NO;
				ENABLE_USER_SELECTED_FILES = readwrite;
				GENERATE_INFOPLIST_FILE = NO;
				INFOPLIST_FILE = Parchley/Info.plist;
				INFOPLIST_KEY_LSApplicationCategoryType = "public.app-category.utilities";
				INFOPLIST_KEY_NSHumanReadableCopyright = "";
				LD_RUNPATH_SEARCH_PATHS = (
					"$(inherited)",
					"@executable_path/../Frameworks",
				);
				MARKETING_VERSION = 1.0;
				PRODUCT_BUNDLE_IDENTIFIER = com.karatsidhu.Parchley;
				PRODUCT_NAME = "$(TARGET_NAME)";
				REGISTER_APP_GROUPS = YES;
				STRING_CATALOG_GENERATE_SYMBOLS = YES;
				SWIFT_APPROACHABLE_CONCURRENCY = YES;
				SWIFT_DEFAULT_ACTOR_ISOLATION = MainActor;
				SWIFT_EMIT_LOC_STRINGS = YES;
				SWIFT_STRICT_CONCURRENCY = complete;
				SWIFT_UPCOMING_FEATURE_MEMBER_IMPORT_VISIBILITY = YES;
				SWIFT_VERSION = 6.2;
			};
			name = Release;
		};
		7FF1566A304D8A6D0082B7E4 /* Debug */ = {
			isa = XCBuildConfiguration;
			buildSettings = {
				BUNDLE_LOADER = "$(TEST_HOST)";
				CODE_SIGN_STYLE = Automatic;
				CURRENT_PROJECT_VERSION = 1;
				DEVELOPMENT_TEAM = 8S4248F6RV;
				GENERATE_INFOPLIST_FILE = YES;
				MACOSX_DEPLOYMENT_TARGET = 26.0;
				MARKETING_VERSION = 1.0;
				PRODUCT_BUNDLE_IDENTIFIER = com.karatsidhu.ParchleyTests;
				PRODUCT_NAME = "$(TARGET_NAME)";
				STRING_CATALOG_GENERATE_SYMBOLS = NO;
				SWIFT_APPROACHABLE_CONCURRENCY = YES;
				SWIFT_EMIT_LOC_STRINGS = NO;
				SWIFT_STRICT_CONCURRENCY = complete;
				SWIFT_UPCOMING_FEATURE_MEMBER_IMPORT_VISIBILITY = YES;
				SWIFT_VERSION = 6.2;
				TEST_HOST = "$(BUILT_PRODUCTS_DIR)/Parchley.app/$(BUNDLE_EXECUTABLE_FOLDER_PATH)/Parchley";
			};
			name = Debug;
		};
		7FF1566B304D8A6D0082B7E4 /* Release */ = {
			isa = XCBuildConfiguration;
			buildSettings = {
				BUNDLE_LOADER = "$(TEST_HOST)";
				CODE_SIGN_STYLE = Automatic;
				CURRENT_PROJECT_VERSION = 1;
				DEVELOPMENT_TEAM = 8S4248F6RV;
				GENERATE_INFOPLIST_FILE = YES;
				MACOSX_DEPLOYMENT_TARGET = 26.0;
				MARKETING_VERSION = 1.0;
				PRODUCT_BUNDLE_IDENTIFIER = com.karatsidhu.ParchleyTests;
				PRODUCT_NAME = "$(TARGET_NAME)";
				STRING_CATALOG_GENERATE_SYMBOLS = NO;
				SWIFT_APPROACHABLE_CONCURRENCY = YES;
				SWIFT_EMIT_LOC_STRINGS = NO;
				SWIFT_STRICT_CONCURRENCY = complete;
				SWIFT_UPCOMING_FEATURE_MEMBER_IMPORT_VISIBILITY = YES;
				SWIFT_VERSION = 6.2;
				TEST_HOST = "$(BUILT_PRODUCTS_DIR)/Parchley.app/$(BUNDLE_EXECUTABLE_FOLDER_PATH)/Parchley";
			};
			name = Release;
		};
		7FF1566D304D8A6D0082B7E4 /* Debug */ = {
			isa = XCBuildConfiguration;
			buildSettings = {
				CODE_SIGN_STYLE = Automatic;
				CURRENT_PROJECT_VERSION = 1;
				DEVELOPMENT_TEAM = 8S4248F6RV;
				GENERATE_INFOPLIST_FILE = YES;
				MARKETING_VERSION = 1.0;
				PRODUCT_BUNDLE_IDENTIFIER = com.karatsidhu.ParchleyUITests;
				PRODUCT_NAME = "$(TARGET_NAME)";
				STRING_CATALOG_GENERATE_SYMBOLS = NO;
				SWIFT_APPROACHABLE_CONCURRENCY = YES;
				SWIFT_EMIT_LOC_STRINGS = NO;
				SWIFT_STRICT_CONCURRENCY = complete;
				SWIFT_UPCOMING_FEATURE_MEMBER_IMPORT_VISIBILITY = YES;
				SWIFT_VERSION = 6.2;
				TEST_TARGET_NAME = Parchley;
			};
			name = Debug;
		};
		7FF1566E304D8A6D0082B7E4 /* Release */ = {
			isa = XCBuildConfiguration;
			buildSettings = {
				CODE_SIGN_STYLE = Automatic;
				CURRENT_PROJECT_VERSION = 1;
				DEVELOPMENT_TEAM = 8S4248F6RV;
				GENERATE_INFOPLIST_FILE = YES;
				MARKETING_VERSION = 1.0;
				PRODUCT_BUNDLE_IDENTIFIER = com.karatsidhu.ParchleyUITests;
				PRODUCT_NAME = "$(TARGET_NAME)";
				STRING_CATALOG_GENERATE_SYMBOLS = NO;
				SWIFT_APPROACHABLE_CONCURRENCY = YES;
				SWIFT_EMIT_LOC_STRINGS = NO;
				SWIFT_STRICT_CONCURRENCY = complete;
				SWIFT_UPCOMING_FEATURE_MEMBER_IMPORT_VISIBILITY = YES;
				SWIFT_VERSION = 6.2;
				TEST_TARGET_NAME = Parchley;
			};
			name = Release;
		};
/* End XCBuildConfiguration section */

/* Begin XCConfigurationList section */
		7FF1563B304D8A6C0082B7E4 /* Build configuration list for PBXProject "Parchley" */ = {
			isa = XCConfigurationList;
			buildConfigurations = (
				7FF15664304D8A6D0082B7E4 /* Debug */,
				7FF15665304D8A6D0082B7E4 /* Release */,
			);
			defaultConfigurationIsVisible = 0;
			defaultConfigurationName = Release;
		};
		7FF15666304D8A6D0082B7E4 /* Build configuration list for PBXNativeTarget "Parchley" */ = {
			isa = XCConfigurationList;
			buildConfigurations = (
				7FF15667304D8A6D0082B7E4 /* Debug */,
				7FF15668304D8A6D0082B7E4 /* Release */,
			);
			defaultConfigurationIsVisible = 0;
			defaultConfigurationName = Release;
		};
		7FF15669304D8A6D0082B7E4 /* Build configuration list for PBXNativeTarget "ParchleyTests" */ = {
			isa = XCConfigurationList;
			buildConfigurations = (
				7FF1566A304D8A6D0082B7E4 /* Debug */,
				7FF1566B304D8A6D0082B7E4 /* Release */,
			);
			defaultConfigurationIsVisible = 0;
			defaultConfigurationName = Release;
		};
		7FF1566C304D8A6D0082B7E4 /* Build configuration list for PBXNativeTarget "ParchleyUITests" */ = {
			isa = XCConfigurationList;
			buildConfigurations = (
				7FF1566D304D8A6D0082B7E4 /* Debug */,
				7FF1566E304D8A6D0082B7E4 /* Release */,
			);
			defaultConfigurationIsVisible = 0;
			defaultConfigurationName = Release;
		};
/* End XCConfigurationList section */

/* Begin XCLocalSwiftPackageReference section */
		7FF1567004D8A6D0082B7E4 /* XCLocalSwiftPackageReference "Packages/ParchleyDomain" */ = {
			isa = XCLocalSwiftPackageReference;
			relativePath = Packages/ParchleyDomain;
		};
		7FF1567104D8A6D0082B7E4 /* XCLocalSwiftPackageReference "Packages/ParchleyEngine" */ = {
			isa = XCLocalSwiftPackageReference;
			relativePath = Packages/ParchleyEngine;
		};
		7FF1567904D8A6D0082B7E4 /* XCLocalSwiftPackageReference "Packages/ParchleyMarkdown" */ = {
			isa = XCLocalSwiftPackageReference;
			relativePath = Packages/ParchleyMarkdown;
		};
/* End XCLocalSwiftPackageReference section */

/* Begin XCSwiftPackageProductDependency section */
		7FF1567204D8A6D0082B7E4 /* ParchleyDomain */ = {
			isa = XCSwiftPackageProductDependency;
			package = 7FF1567004D8A6D0082B7E4 /* XCLocalSwiftPackageReference "Packages/ParchleyDomain" */;
			productName = ParchleyDomain;
		};
		7FF1567304D8A6D0082B7E4 /* ParchleyEngine */ = {
			isa = XCSwiftPackageProductDependency;
			package = 7FF1567104D8A6D0082B7E4 /* XCLocalSwiftPackageReference "Packages/ParchleyEngine" */;
			productName = ParchleyEngine;
		};
		7FF1567804D8A6D0082B7E4 /* ParchleyMarkdown */ = {
			isa = XCSwiftPackageProductDependency;
			package = 7FF1567904D8A6D0082B7E4 /* XCLocalSwiftPackageReference "Packages/ParchleyMarkdown" */;
			productName = ParchleyMarkdown;
		};
/* End XCSwiftPackageProductDependency section */
	};
	rootObject = 7FF15638304D8A6C0082B7E4 /* Project object */;
}
